dependencies:
- name: postgresql
  repository: https://charts.bitnami.com/bitnami
  version: 12.11.1
- name: redis
  repository: https://charts.bitnami.com/bitnami
  version: 18.0.4
- name: opensearch
  repository: https://opensearch-project.github.io/helm-charts/
  version: 2.14.1
digest: sha256:61618477213c24891b3302842aaa337405c68fdf998586eadef3a2ed9e9e4c1c
generated: "2023-09-19T23:25:01.27067547Z"
