dependencies:
- name: postgresql
  repository: https://charts.bitnami.com/bitnami
  version: 15.3.2
- name: redis
  repository: https://charts.bitnami.com/bitnami
  version: 19.3.2
- name: opensearch
  repository: https://opensearch-project.github.io/helm-charts/
  version: 2.20.0
digest: sha256:3fbaef8755ed79056d10a0c93cf5d278a47bb5f55b9a98802922edef4faa0610
generated: "2024-09-23T13:14:31.525789-07:00"
