dependencies:
- name: redis
  repository: https://charts.bitnami.com/bitnami
  version: 18.0.4
- name: oauth2-proxy
  repository: https://charts.bitnami.com/bitnami
  version: 4.1.3
digest: sha256:daa9ae8e7b125661b78c5ccd3edf45db91dea36bf79eb35e504f3e5d08d19fd2
generated: "2023-09-19T23:20:07.675142702Z"
