dependencies:
- name: redis
  repository: https://charts.bitnami.com/bitnami
  version: 18.0.4
- name: oauth2-proxy
  repository: https://charts.bitnami.com/bitnami
  version: 4.1.3
- name: dfdewey
  repository: https://google.github.io/osdfir-infrastructure/
  version: 1.0.0
digest: sha256:70d4b366b260d85953ec95b4ed1679acb995f1139813f940eec064b2183b5649
generated: "2024-03-18T12:57:01.522970858+11:00"
