dependencies:
- name: timesketch
  repository: file://charts/timesketch
  version: 2.3.5
- name: yeti
  repository: file://charts/yeti
  version: 2.2.2
- name: openrelik
  repository: file://charts/openrelik
  version: 2.2.1
- name: grr
  repository: file://charts/grr
  version: 2.3.1
- name: hashr
  repository: file://charts/hashr
  version: 2.0.1
digest: sha256:3505998367c3b12910a99c829cafd36bb1bf217ad4a8df8ceca728784e1cb723
generated: "2025-12-15T12:32:49.123246-08:00"
