dependencies:
- name: timesketch
  repository: file://charts/timesketch
  version: 2.5.6
- name: yeti
  repository: file://charts/yeti
  version: 2.3.1
- name: openrelik
  repository: file://charts/openrelik
  version: 2.4.2
- name: grr
  repository: file://charts/grr
  version: 2.3.1
- name: hashr
  repository: file://charts/hashr
  version: 2.0.1
digest: sha256:70b737315ff9b53feb39036781ae8206ca3e4d75b4020c9415ac7e79aaa6488b
generated: "2026-07-06T16:17:46.000000-07:00"
